{
  "nodes": {
    "nixpkgs": {
      "locked": {
        "lastModified": 1700671922,
        "narHash": "sha256-XPh/AHD14O+oaztjSb53c3Gh9K1JQHNBOTdn0dvtJpM=",
        "owner": "NixOS",
        "repo": "nixpkgs",
        "rev": "4784a12198f7434971d5bb8aa6f111acef662ff4",
        "type": "github"
      },
      "original": {
        "owner": "NixOS",
        "ref": "nixos-23.11",
        "repo": "nixpkgs",
        "type": "github"
      }
    },
    "root": {
      "inputs": {
        "nixpkgs": "nixpkgs"
      }
    }
  },
  "root": "root",
  "version": 7
}
